{
  "name": "pencil",
  "version": "1.0.0",
  "lockfileVersion": 1,
  "requires": true,
  "dependencies": {
    "classnames": {
      "version": "2.3.2",
      "resolved": "https://registry.npmjs.org/classnames/-/classnames-2.3.2.tgz",
      "integrity": "sha512-CSbhY4cFEJRe6/GQzIk5qXZ4Jeg5pcsP7b5peFSDpffpe1cqjASH/n9UTjBwOp6XpMSTwQ8Za2K5V02ueA7Tmw=="
    },
    "core-js": {
      "version": "3.30.1",
      "resolved": "https://registry.npmjs.org/core-js/-/core-js-3.30.1.tgz",
      "integrity": "sha512-ZNS5nbiSwDTq4hFosEDqm65izl2CWmLz0hARJMyNQBgkUZMIF51cQiMvIQKA6hvuaeWxQDP3hEedM1JZIgTldQ=="
    },
    "feather-icons": {
      "version": "4.29.0",
      "resolved": "https://registry.npmjs.org/feather-icons/-/feather-icons-4.29.0.tgz",
      "integrity": "sha512-Y7VqN9FYb8KdaSF0qD1081HCkm0v4Eq/fpfQYQnubpqi0hXx14k+gF9iqtRys1SIcTEi97xDi/fmsPFZ8xo0GQ==",
      "requires": {
        "classnames": "^2.2.5",
        "core-js": "^3.1.3"
      }
    },
    "letterhead": {
      "version": "0.0.5",
      "resolved": "https://registry.npmjs.org/letterhead/-/letterhead-0.0.5.tgz",
      "integrity": "sha512-5obDV4WvDwpYOPcTfxKRftZ1vfk/DNhEWyrQkKql11nCUO99oYKfhTtMuF6pcrc4wdxihysIL5gZjFW65LWbJQ==",
      "requires": {
        "feather-icons": "^4.9.0"
      }
    },
    "ok-chalk": {
      "version": "1.0.0",
      "resolved": "https://registry.npmjs.org/ok-chalk/-/ok-chalk-1.0.0.tgz",
      "integrity": "sha512-77dwO47xfeDZb3XXSeoAKzuy8Ck4b9o061Oh78en74YBmj0NooxfglD85PdabkcgBJ0POS+JHseOBYHkJZfFOQ=="
    },
    "ok-sort": {
      "version": "1.0.1",
      "resolved": "https://registry.npmjs.org/ok-sort/-/ok-sort-1.0.1.tgz",
      "integrity": "sha512-xdfIZD0V4W/UDBULl5UYXzfwROmAVq6m6yXGaLSynGHIWD9F1hC1WXeQDKLPv8qzBOMkyKHr6bLvOVDP69+a+w=="
    }
  }
}
